PODS:
  - Flutter (1.0.0)
  - integration_test (0.0.1):
    - Flutter
  - rive_mobile (0.0.1):
    - Flutter

DEPENDENCIES:
  - Flutter (from `Flutter`)
  - integration_test (from `.symlinks/plugins/integration_test/ios`)
  - rive_mobile (from `.symlinks/plugins/rive_mobile/ios`)

EXTERNAL SOURCES:
  Flutter:
    :path: Flutter
  integration_test:
    :path: ".symlinks/plugins/integration_test/ios"
  rive_mobile:
    :path: ".symlinks/plugins/rive_mobile/ios"

SPEC CHECKSUMS:
  Flutter: f04841e97a9d0b0a8025694d0796dd46242b2854
  integration_test: 13825b8a9334a850581300559b8839134b124670
  rive_mobile: 139a997cd5c2874b6ba1b5ecc7e6473c91d67706

PODFILE CHECKSUM: 70d9d25280d0dd177a5f637cdb0f0b0b12c6a189

COCOAPODS: 1.12.1
